version: 1
generated_at: 2026-06-15T13:14:55Z
internal: []
trusted:
  - action: actions/checkout
    refs:
      - ee0669bd1cc54295c223e0bb666b733df41de1c5
    occurrences:
      ee0669bd1cc54295c223e0bb666b733df41de1c5:
        .github/workflows/docker-build.yml:
          - jobs.build.steps.[0].uses
        .github/workflows/python-package.yml:
          - jobs.build.steps.[0].uses
  - action: actions/setup-python
    refs:
      - d09bd5e6005b175076f227b13d9730d56e9dcfcb
    occurrences:
      d09bd5e6005b175076f227b13d9730d56e9dcfcb:
        .github/workflows/python-package.yml:
          - jobs.build.steps.[1].uses
external:
  - action: mr-smithers-excellent/docker-build-push
    refs:
      - 0e68818ea37ba7728f417f03a58e06e68d9d2592
    occurrences:
      0e68818ea37ba7728f417f03a58e06e68d9d2592:
        .github/workflows/docker-build.yml:
          - jobs.build.steps.[1].uses
local: []
docker: []
dynamic: []
