# @generated - this file is auto-generated by `mise lock` https://mise.jdx.dev/dev-tools/mise-lock.html

[[tools.python]]
version = "3.10.21"
backend = "core:python"

[tools.python."platforms.linux-arm64"]
checksum = "sha256:686077ed8d668e3446f03f202bc3c99955d350a0db0ace5f8ce45f1b451b54b7"
url = "https://github.com/astral-sh/python-build-standalone/releases/download/20260814/cpython-3.10.21+20260814-aarch64-unknown-linux-gnu-install_only_stripped.tar.gz"
provenance = "github-attestations"

[tools.python."platforms.linux-arm64-musl"]
checksum = "sha256:d0310c4f190680a16bf6ca1dc05211f1455d2b2aa6e1fadc7ea721c9471b9b0c"
url = "https://github.com/astral-sh/python-build-standalone/releases/download/20260814/cpython-3.10.21+20260814-aarch64-unknown-linux-musl-install_only_stripped.tar.gz"
provenance = "github-attestations"

[tools.python."platforms.linux-x64"]
checksum = "sha256:807bb6746dd8b7a347fe833ee1cc2543457e5c2c98059dc454600468ee7cae7b"
url = "https://github.com/astral-sh/python-build-standalone/releases/download/20260814/cpython-3.10.21+20260814-x86_64-unknown-linux-gnu-install_only_stripped.tar.gz"
provenance = "github-attestations"

[tools.python."platforms.linux-x64-musl"]
checksum = "sha256:05bddd8942f4dfec45e37c8cd72c8b6323e2c7015be6e1f509904762430957fc"
url = "https://github.com/astral-sh/python-build-standalone/releases/download/20260814/cpython-3.10.21+20260814-x86_64-unknown-linux-musl-install_only_stripped.tar.gz"
provenance = "github-attestations"

[tools.python."platforms.macos-arm64"]
checksum = "sha256:caac2a0459052a3f62857fe29809a8fc4a9da87ca5ac860120c7ce710fc43842"
url = "https://github.com/astral-sh/python-build-standalone/releases/download/20260814/cpython-3.10.21+20260814-aarch64-apple-darwin-install_only_stripped.tar.gz"
provenance = "github-attestations"

[tools.python."platforms.macos-x64"]
checksum = "sha256:735ec45b5315c1255d425582b63a7819d660783ba0f5402793998908d70a7893"
url = "https://github.com/astral-sh/python-build-standalone/releases/download/20260814/cpython-3.10.21+20260814-x86_64-apple-darwin-install_only_stripped.tar.gz"
provenance = "github-attestations"

[tools.python."platforms.windows-x64"]
checksum = "sha256:35645afc6bac0a8b74f16d36df1a98e36afa71eb8ba64acb7944b3135bcba1c4"
url = "https://github.com/astral-sh/python-build-standalone/releases/download/20260814/cpython-3.10.21+20260814-x86_64-pc-windows-msvc-install_only_stripped.tar.gz"
provenance = "github-attestations"
